// !$*UTF8*$!
{
	archiveVersion = 1;
	classes = {
	};
	objectVersion = 56;
	objects = {

/* Begin PBXBuildFile section */
		26B4729C7FAF9F2884D51E07 /* Pods_arduinoApp.framework in Frameworks */ = {isa = PBXBuildFile; fileRef = 6D789A6B1CA0880429660E86 /* Pods_arduinoApp.framework */; };
		3210B79E2A8C9BBB004DE57E /* AppDelegate.swift in Sources */ = {isa = PBXBuildFile; fileRef = 3210B79D2A8C9BBB004DE57E /* AppDelegate.swift */; };
		3210B7A02A8C9BBB004DE57E /* SceneDelegate.swift in Sources */ = {isa = PBXBuildFile; fileRef = 3210B79F2A8C9BBB004DE57E /* SceneDelegate.swift */; };
		3210B7A22A8C9BBB004DE57E /* ViewController.swift in Sources */ = {isa = PBXBuildFile; fileRef = 3210B7A12A8C9BBB004DE57E /* ViewController.swift */; };
		3210B7A52A8C9BBB004DE57E /* Main.storyboard in Resources */ = {isa = PBXBuildFile; fileRef = 3210B7A32A8C9BBB004DE57E /* Main.storyboard */; };
		3210B7A72A8C9BBC004DE57E /* Assets.xcassets in Resources */ = {isa = PBXBuildFile; fileRef = 3210B7A62A8C9BBC004DE57E /* Assets.xcassets */; };
		3210B7AA2A8C9BBC004DE57E /* LaunchScreen.storyboard in Resources */ = {isa = PBXBuildFile; fileRef = 3210B7A82A8C9BBC004DE57E /* LaunchScreen.storyboard */; };
/* End PBXBuildFile section */

/* Begin PBXFileReference section */
		3210B79A2A8C9BBB004DE57E /* arduinoApp.app */ = {isa = PBXFileReference; explicitFileType = wrapper.application; includeInIndex = 0; path = arduinoApp.app; sourceTree = BUILT_PRODUCTS_DIR; };
		3210B79D2A8C9BBB004DE57E /* AppDelegate.swift */ = {isa = PBXFileReference; lastKnownFileType = sourcecode.swift; path = AppDelegate.swift; sourceTree = "<group>"; };
		3210B79F2A8C9BBB004DE57E /* SceneDelegate.swift */ = {isa = PBXFileReference; lastKnownFileType = sourcecode.swift; path = SceneDelegate.swift; sourceTree = "<group>"; };
		3210B7A12A8C9BBB004DE57E /* ViewController.swift */ = {isa = PBXFileReference; lastKnownFileType = sourcecode.swift; path = ViewController.swift; sourceTree = "<group>"; };
		3210B7A42A8C9BBB004DE57E /* Base */ = {isa = PBXFileReference; lastKnownFileType = file.storyboard; name = Base; path = Base.lproj/Main.storyboard; sourceTree = "<group>"; };
		3210B7A62A8C9BBC004DE57E /* Assets.xcassets */ = {isa = PBXFileReference; lastKnownFileType = folder.assetcatalog; path = Assets.xcassets; sourceTree = "<group>"; };
		3210B7A92A8C9BBC004DE57E /* Base */ = {isa = PBXFileReference; lastKnownFileType = file.storyboard; name = Base; path = Base.lproj/LaunchScreen.storyboard; sourceTree = "<group>"; };
		3210B7AB2A8C9BBC004DE57E /* Info.plist */ = {isa = PBXFileReference; lastKnownFileType = text.plist.xml; path = Info.plist; sourceTree = "<group>"; };
		5069A8F8F7DE45936F9F5313 /* Pods-arduinoApp.release.xcconfig */ = {isa = PBXFileReference; includeInIndex = 1; lastKnownFileType = text.xcconfig; name = "Pods-arduinoApp.release.xcconfig"; path = "Target Support Files/Pods-arduinoApp/Pods-arduinoApp.release.xcconfig"; sourceTree = "<group>"; };
		6D789A6B1CA0880429660E86 /* Pods_arduinoApp.framework */ = {isa = PBXFileReference; explicitFileType = wrapper.framework; includeInIndex = 0; path = Pods_arduinoApp.framework; sourceTree = BUILT_PRODUCTS_DIR; };
		F05A90FABAA85877C7B8D119 /* Pods-arduinoApp.debug.xcconfig */ = {isa = PBXFileReference; includeInIndex = 1; lastKnownFileType = text.xcconfig; name = "Pods-arduinoApp.debug.xcconfig"; path = "Target Support Files/Pods-arduinoApp/Pods-arduinoApp.debug.xcconfig"; sourceTree = "<group>"; };
/* End PBXFileReference section */

/* Begin PBXFrameworksBuildPhase section */
		3210B7972A8C9BBB004DE57E /* Frameworks */ = {
			isa = PBXFrameworksBuildPhase;
			buildActionMask = 2147483647;
			files = (
				26B4729C7FAF9F2884D51E07 /* Pods_arduinoApp.framework in Frameworks */,
			);
			runOnlyForDeploymentPostprocessing = 0;
		};
/* End PBXFrameworksBuildPhase section */

/* Begin PBXGroup section */
		3210B7912A8C9BBB004DE57E = {
			isa = PBXGroup;
			children = (
				3210B79C2A8C9BBB004DE57E /* arduinoApp */,
				3210B79B2A8C9BBB004DE57E /* Products */,
				DCA97B233F3AA7B4EF8A90FE /* Pods */,
				BBAC3205AFBED7415F335599 /* Frameworks */,
			);
			sourceTree = "<group>";
		};
		3210B79B2A8C9BBB004DE57E /* Products */ = {
			isa = PBXGroup;
			children = (
				3210B79A2A8C9BBB004DE57E /* arduinoApp.app */,
			);
			name = Products;
			sourceTree = "<group>";
		};
		3210B79C2A8C9BBB004DE57E /* arduinoApp */ = {
			isa = PBXGroup;
			children = (
				3210B79D2A8C9BBB004DE57E /* AppDelegate.swift */,
				3210B79F2A8C9BBB004DE57E /* SceneDelegate.swift */,
				3210B7A12A8C9BBB004DE57E /* ViewController.swift */,
				3210B7A32A8C9BBB004DE57E /* Main.storyboard */,
				3210B7A62A8C9BBC004DE57E /* Assets.xcassets */,
				3210B7A82A8C9BBC004DE57E /* LaunchScreen.storyboard */,
				3210B7AB2A8C9BBC004DE57E /* Info.plist */,
			);
			path = arduinoApp;
			sourceTree = "<group>";
		};
		BBAC3205AFBED7415F335599 /* Frameworks */ = {
			isa = PBXGroup;
			children = (
				6D789A6B1CA0880429660E86 /* Pods_arduinoApp.framework */,
			);
			name = Frameworks;
			sourceTree = "<group>";
		};
		DCA97B233F3AA7B4EF8A90FE /* Pods */ = {
			isa = PBXGroup;
			children = (
				F05A90FABAA85877C7B8D119 /* Pods-arduinoApp.debug.xcconfig */,
				5069A8F8F7DE45936F9F5313 /* Pods-arduinoApp.release.xcconfig */,
			);
			name = Pods;
			path = Pods;
			sourceTree = "<group>";
		};
/* End PBXGroup section */

/* Begin PBXNativeTarget section */
		3210B7992A8C9BBB004DE57E /* arduinoApp */ = {
			isa = PBXNativeTarget;
			buildConfigurationList = 3210B7AE2A8C9BBC004DE57E /* Build configuration list for PBXNativeTarget "arduinoApp" */;
			buildPhases = (
				A394488D934F9CEC11D85BE0 /* [CP] Check Pods Manifest.lock */,
				3210B7962A8C9BBB004DE57E /* Sources */,
				3210B7972A8C9BBB004DE57E /* Frameworks */,
				3210B7982A8C9BBB004DE57E /* Resources */,
				D79A2F9AB7B5B2F72565054A /* [CP] Embed Pods Frameworks */,
			);
			buildRules = (
			);
			dependencies = (
			);
			name = arduinoApp;
			productName = arduinoApp;
			productReference = 3210B79A2A8C9BBB004DE57E /* arduinoApp.app */;
			productType = "com.apple.product-type.application";
		};
/* End PBXNativeTarget section */

/* Begin PBXProject section */
		3210B7922A8C9BBB004DE57E /* Project object */ = {
			isa = PBXProject;
			attributes = {
				BuildIndependentTargetsInParallel = 1;
				LastSwiftUpdateCheck = 1420;
				LastUpgradeCheck = 1420;
				TargetAttributes = {
					3210B7992A8C9BBB004DE57E = {
						CreatedOnToolsVersion = 14.2;
					};
				};
			};
			buildConfigurationList = 3210B7952A8C9BBB004DE57E /* Build configuration list for PBXProject "arduinoApp" */;
			compatibilityVersion = "Xcode 14.0";
			developmentRegion = en;
			hasScannedForEncodings = 0;
			knownRegions = (
				en,
				Base,
			);
			mainGroup = 3210B7912A8C9BBB004DE57E;
			productRefGroup = 3210B79B2A8C9BBB004DE57E /* Products */;
			projectDirPath = "";
			projectRoot = "";
			targets = (
				3210B7992A8C9BBB004DE57E /* arduinoApp */,
			);
		};
/* End PBXProject section */

/* Begin PBXResourcesBuildPhase section */
		3210B7982A8C9BBB004DE57E /* Resources */ = {
			isa = PBXResourcesBuildPhase;
			buildActionMask = 2147483647;
			files = (
				3210B7AA2A8C9BBC004DE57E /* LaunchScreen.storyboard in Resources */,
				3210B7A72A8C9BBC004DE57E /* Assets.xcassets in Resources */,
				3210B7A52A8C9BBB004DE57E /* Main.storyboard in Resources */,
			);
			runOnlyForDeploymentPostprocessing = 0;
		};
/* End PBXResourcesBuildPhase section */

/* Begin PBXShellScriptBuildPhase section */
		A394488D934F9CEC11D85BE0 /* [CP] Check Pods Manifest.lock */ = {
			isa = PBXShellScriptBuildPhase;
			buildActionMask = 2147483647;
			files = (
			);
			inputFileListPaths = (
			);
			inputPaths = (
				"${PODS_PODFILE_DIR_PATH}/Podfile.lock",
				"${PODS_ROOT}/Manifest.lock",
			);
			name = "[CP] Check Pods Manifest.lock";
			outputFileListPaths = (
			);
			outputPaths = (
				"$(DERIVED_FILE_DIR)/Pods-arduinoApp-checkManifestLockResult.txt",
			);
			runOnlyForDeploymentPostprocessing = 0;
			shellPath = /bin/sh;
			shellScript = "diff \"${PODS_PODFILE_DIR_PATH}/Podfile.lock\" \"${PODS_ROOT}/Manifest.lock\" > /dev/null\nif [ $? != 0 ] ; then\n    # print error to STDERR\n    echo \"error: The sandbox is not in sync with the Podfile.lock. Run 'pod install' or update your CocoaPods installation.\" >&2\n    exit 1\nfi\n# This output is used by Xcode 'outputs' to avoid re-running this script phase.\necho \"SUCCESS\" > \"${SCRIPT_OUTPUT_FILE_0}\"\n";
			showEnvVarsInLog = 0;
		};
		D79A2F9AB7B5B2F72565054A /* [CP] Embed Pods Frameworks */ = {
			isa = PBXShellScriptBuildPhase;
			buildActionMask = 2147483647;
			files = (
			);
			inputFileListPaths = (
				"${PODS_ROOT}/Target Support Files/Pods-arduinoApp/Pods-arduinoApp-frameworks-${CONFIGURATION}-input-files.xcfilelist",
			);
			name = "[CP] Embed Pods Frameworks";
			outputFileListPaths = (
				"${PODS_ROOT}/Target Support Files/Pods-arduinoApp/Pods-arduinoApp-frameworks-${CONFIGURATION}-output-files.xcfilelist",
			);
			runOnlyForDeploymentPostprocessing = 0;
			shellPath = /bin/sh;
			shellScript = "\"${PODS_ROOT}/Target Support Files/Pods-arduinoApp/Pods-arduinoApp-frameworks.sh\"\n";
			showEnvVarsInLog = 0;
		};
/* End PBXShellScriptBuildPhase section */

/* Begin PBXSourcesBuildPhase section */
		3210B7962A8C9BBB004DE57E /* Sources */ = {
			isa = PBXSourcesBuildPhase;
			buildActionMask = 2147483647;
			files = (
				3210B7A22A8C9BBB004DE57E /* ViewController.swift in Sources */,
				3210B79E2A8C9BBB004DE57E /* AppDelegate.swift in Sources */,
				3210B7A02A8C9BBB004DE57E /* SceneDelegate.swift in Sources */,
			);
			runOnlyForDeploymentPostprocessing = 0;
		};
/* End PBXSourcesBuildPhase section */

/* Begin PBXVariantGroup section */
		3210B7A32A8C9BBB004DE57E /* Main.storyboard */ = {
			isa = PBXVariantGroup;
			children = (
				3210B7A42A8C9BBB004DE57E /* Base */,
			);
			name = Main.storyboard;
			sourceTree = "<group>";
		};
		3210B7A82A8C9BBC004DE57E /* LaunchScreen.storyboard */ = {
			isa = PBXVariantGroup;
			children = (
				3210B7A92A8C9BBC004DE57E /* Base */,
			);
			name = LaunchScreen.storyboard;
			sourceTree = "<group>";
		};
/* End PBXVariantGroup section */

/* Begin XCBuildConfiguration section */
		3210B7AC2A8C9BBC004DE57E /* Debug */ = {
			isa = XCBuildConfiguration;
			buildSettings = {
				ALWAYS_SEARCH_USER_PATHS = NO;
				CLANG_ANALYZER_NONNULL = YES;
				CLANG_ANALYZER_NUMBER_OBJECT_CONVERSION = YES_AGGRESSIVE;
				CLANG_CXX_LANGUAGE_STANDARD = "gnu++20";
				CLANG_ENABLE_MODULES = YES;
				CLANG_ENABLE_OBJC_ARC = YES;
				CLANG_ENABLE_OBJC_WEAK = YES;
				CLANG_WARN_BLOCK_CAPTURE_AUTORELEASING = YES;
				CLANG_WARN_BOOL_CONVERSION = YES;
				CLANG_WARN_COMMA = YES;
				CLANG_WARN_CONSTANT_CONVERSION = YES;
				CLANG_WARN_DEPRECATED_OBJC_IMPLEMENTATIONS = YES;
				CLANG_WARN_DIRECT_OBJC_ISA_USAGE = YES_ERROR;
				CLANG_WARN_DOCUMENTATION_COMMENTS = YES;
				CLANG_WARN_EMPTY_BODY = YES;
				CLANG_WARN_ENUM_CONVERSION = YES;
				CLANG_WARN_INFINITE_RECURSION = YES;
				CLANG_WARN_INT_CONVERSION = YES;
				CLANG_WARN_NON_LITERAL_NULL_CONVERSION = YES;
				CLANG_WARN_OBJC_IMPLICIT_RETAIN_SELF = YES;
				CLANG_WARN_OBJC_LITERAL_CONVERSION = YES;
				CLANG_WARN_OBJC_ROOT_CLASS = YES_ERROR;
				CLANG_WARN_QUOTED_INCLUDE_IN_FRAMEWORK_HEADER = YES;
				CLANG_WARN_RANGE_LOOP_ANALYSIS = YES;
				CLANG_WARN_STRICT_PROTOTYPES = YES;
				CLANG_WARN_SUSPICIOUS_MOVE = YES;
				CLANG_WARN_UNGUARDED_AVAILABILITY = YES_AGGRESSIVE;
				CLANG_WARN_UNREACHABLE_CODE = YES;
				CLANG_WARN__DUPLICATE_METHOD_MATCH = YES;
				COPY_PHASE_STRIP = NO;
				DEBUG_INFORMATION_FORMAT = dwarf;
				ENABLE_STRICT_OBJC_MSGSEND = YES;
				ENABLE_TESTABILITY = YES;
				GCC_C_LANGUAGE_STANDARD = gnu11;
				GCC_DYNAMIC_NO_PIC = NO;
				GCC_NO_COMMON_BLOCKS = YES;
				GCC_OPTIMIZATION_LEVEL = 0;
				GCC_PREPROCESSOR_DEFINITIONS = (
					"DEBUG=1",
					"$(inherited)",
				);
				GCC_WARN_64_TO_32_BIT_CONVERSION = YES;
				GCC_WARN_ABOUT_RETURN_TYPE = YES_ERROR;
				GCC_WARN_UNDECLARED_SELECTOR = YES;
				GCC_WARN_UNINITIALIZED_AUTOS = YES_AGGRESSIVE;
				GCC_WARN_UNUSED_FUNCTION = YES;
				GCC_WARN_UNUSED_VARIABLE = YES;
				IPHONEOS_DEPLOYMENT_TARGET = 16.2;
				MTL_ENABLE_DEBUG_INFO = INCLUDE_SOURCE;
				MTL_FAST_MATH = YES;
				ONLY_ACTIVE_ARCH = YES;
				SDKROOT = iphoneos;
				SWIFT_ACTIVE_COMPILATION_CONDITIONS = DEBUG;
				SWIFT_OPTIMIZATION_LEVEL = "-Onone";
			};
			name = Debug;
		};
		3210B7AD2A8C9BBC004DE57E /* Release */ = {
			isa = XCBuildConfiguration;
			buildSettings = {
				ALWAYS_SEARCH_USER_PATHS = NO;
				CLANG_ANALYZER_NONNULL = YES;
				CLANG_ANALYZER_NUMBER_OBJECT_CONVERSION = YES_AGGRESSIVE;
				CLANG_CXX_LANGUAGE_STANDARD = "gnu++20";
				CLANG_ENABLE_MODULES = YES;
				CLANG_ENABLE_OBJC_ARC = YES;
				CLANG_ENABLE_OBJC_WEAK = YES;
				CLANG_WARN_BLOCK_CAPTURE_AUTORELEASING = YES;
				CLANG_WARN_BOOL_CONVERSION = YES;
				CLANG_WARN_COMMA = YES;
				CLANG_WARN_CONSTANT_CONVERSION = YES;
				CLANG_WARN_DEPRECATED_OBJC_IMPLEMENTATIONS = YES;
				CLANG_WARN_DIRECT_OBJC_ISA_USAGE = YES_ERROR;
				CLANG_WARN_DOCUMENTATION_COMMENTS = YES;
				CLANG_WARN_EMPTY_BODY = YES;
				CLANG_WARN_ENUM_CONVERSION = YES;
				CLANG_WARN_INFINITE_RECURSION = YES;
				CLANG_WARN_INT_CONVERSION = YES;
				CLANG_WARN_NON_LITERAL_NULL_CONVERSION = YES;
				CLANG_WARN_OBJC_IMPLICIT_RETAIN_SELF = YES;
				CLANG_WARN_OBJC_LITERAL_CONVERSION = YES;
				CLANG_WARN_OBJC_ROOT_CLASS = YES_ERROR;
				CLANG_WARN_QUOTED_INCLUDE_IN_FRAMEWORK_HEADER = YES;
				CLANG_WARN_RANGE_LOOP_ANALYSIS = YES;
				CLANG_WARN_STRICT_PROTOTYPES = YES;
				CLANG_WARN_SUSPICIOUS_MOVE = YES;
				CLANG_WARN_UNGUARDED_AVAILABILITY = YES_AGGRESSIVE;
				CLANG_WARN_UNREACHABLE_CODE = YES;
				CLANG_WARN__DUPLICATE_METHOD_MATCH = YES;
				COPY_PHASE_STRIP = NO;
				DEBUG_INFORMATION_FORMAT = "dwarf-with-dsym";
				ENABLE_NS_ASSERTIONS = NO;
				ENABLE_STRICT_OBJC_MSGSEND = YES;
				GCC_C_LANGUAGE_STANDARD = gnu11;
				GCC_NO_COMMON_BLOCKS = YES;
				GCC_WARN_64_TO_32_BIT_CONVERSION = YES;
				GCC_WARN_ABOUT_RETURN_TYPE = YES_ERROR;
				GCC_WARN_UNDECLARED_SELECTOR = YES;
				GCC_WARN_UNINITIALIZED_AUTOS = YES_AGGRESSIVE;
				GCC_WARN_UNUSED_FUNCTION = YES;
				GCC_WARN_UNUSED_VARIABLE = YES;
				IPHONEOS_DEPLOYMENT_TARGET = 16.2;
				MTL_ENABLE_DEBUG_INFO = NO;
				MTL_FAST_MATH = YES;
				SDKROOT = iphoneos;
				SWIFT_COMPILATION_MODE = wholemodule;
				SWIFT_OPTIMIZATION_LEVEL = "-O";
				VALIDATE_PRODUCT = YES;
			};
			name = Release;
		};
		3210B7AF2A8C9BBC004DE57E /* Debug */ = {
			isa = XCBuildConfiguration;
			baseConfigurationReference = F05A90FABAA85877C7B8D119 /* Pods-arduinoApp.debug.xcconfig */;
			buildSettings = {
				ASSETCATALOG_COMPILER_APPICON_NAME = AppIcon;
				ASSETCATALOG_COMPILER_GLOBAL_ACCENT_COLOR_NAME = AccentColor;
				CODE_SIGN_STYLE = Automatic;
				CURRENT_PROJECT_VERSION = 1;
				DEVELOPMENT_TEAM = G8J5SASVNW;
				GENERATE_INFOPLIST_FILE = YES;
				INFOPLIST_FILE = arduinoApp/Info.plist;
				INFOPLIST_KEY_UIApplicationSupportsIndirectInputEvents = YES;
				INFOPLIST_KEY_UILaunchStoryboardName = LaunchScreen;
				INFOPLIST_KEY_UIMainStoryboardFile = Main;
				INFOPLIST_KEY_UISupportedInterfaceOrientations_iPad = "UIInterfaceOrientationPortrait UIInterfaceOrientationPortraitUpsideDown UIInterfaceOrientationLandscapeLeft UIInterfaceOrientationLandscapeRight";
				INFOPLIST_KEY_UISupportedInterfaceOrientations_iPhone = "UIInterfaceOrientationPortrait UIInterfaceOrientationLandscapeLeft UIInterfaceOrientationLandscapeRight";
				LD_RUNPATH_SEARCH_PATHS = (
					"$(inherited)",
					"@executable_path/Frameworks",
				);
				MARKETING_VERSION = 1.0;
				PRODUCT_BUNDLE_IDENTIFIER = com.yeseo.arduinoApp;
				PRODUCT_NAME = "$(TARGET_NAME)";
				SWIFT_EMIT_LOC_STRINGS = YES;
				SWIFT_VERSION = 5.0;
				TARGETED_DEVICE_FAMILY = "1,2";
			};
			name = Debug;
		};
		3210B7B02A8C9BBC004DE57E /* Release */ = {
			isa = XCBuildConfiguration;
			baseConfigurationReference = 5069A8F8F7DE45936F9F5313 /* Pods-arduinoApp.release.xcconfig */;
			buildSettings = {
				ASSETCATALOG_COMPILER_APPICON_NAME = AppIcon;
				ASSETCATALOG_COMPILER_GLOBAL_ACCENT_COLOR_NAME = AccentColor;
				CODE_SIGN_STYLE = Automatic;
				CURRENT_PROJECT_VERSION = 1;
				DEVELOPMENT_TEAM = G8J5SASVNW;
				GENERATE_INFOPLIST_FILE = YES;
				INFOPLIST_FILE = arduinoApp/Info.plist;
				INFOPLIST_KEY_UIApplicationSupportsIndirectInputEvents = YES;
				INFOPLIST_KEY_UILaunchStoryboardName = LaunchScreen;
				INFOPLIST_KEY_UIMainStoryboardFile = Main;
				INFOPLIST_KEY_UISupportedInterfaceOrientations_iPad = "UIInterfaceOrientationPortrait UIInterfaceOrientationPortraitUpsideDown UIInterfaceOrientationLandscapeLeft UIInterfaceOrientationLandscapeRight";
				INFOPLIST_KEY_UISupportedInterfaceOrientations_iPhone = "UIInterfaceOrientationPortrait UIInterfaceOrientationLandscapeLeft UIInterfaceOrientationLandscapeRight";
				LD_RUNPATH_SEARCH_PATHS = (
					"$(inherited)",
					"@executable_path/Frameworks",
				);
				MARKETING_VERSION = 1.0;
				PRODUCT_BUNDLE_IDENTIFIER = com.yeseo.arduinoApp;
				PRODUCT_NAME = "$(TARGET_NAME)";
				SWIFT_EMIT_LOC_STRINGS = YES;
				SWIFT_VERSION = 5.0;
				TARGETED_DEVICE_FAMILY = "1,2";
			};
			name = Release;
		};
/* End XCBuildConfiguration section */

/* Begin XCConfigurationList section */
		3210B7952A8C9BBB004DE57E /* Build configuration list for PBXProject "arduinoApp" */ = {
			isa = XCConfigurationList;
			buildConfigurations = (
				3210B7AC2A8C9BBC004DE57E /* Debug */,
				3210B7AD2A8C9BBC004DE57E /* Release */,
			);
			defaultConfigurationIsVisible = 0;
			defaultConfigurationName = Release;
		};
		3210B7AE2A8C9BBC004DE57E /* Build configuration list for PBXNativeTarget "arduinoApp" */ = {
			isa = XCConfigurationList;
			buildConfigurations = (
				3210B7AF2A8C9BBC004DE57E /* Debug */,
				3210B7B02A8C9BBC004DE57E /* Release */,
			);
			defaultConfigurationIsVisible = 0;
			defaultConfigurationName = Release;
		};
/* End XCConfigurationList section */
	};
	rootObject = 3210B7922A8C9BBB004DE57E /* Project object */;
}
